
Microsoft Visual Studio Solution File, Format Version 12.00
# Visual Studio Version 17
VisualStudioVersion = 17.9.34728.123
MinimumVisualStudioVersion = 10.0.40219.1
Project("{FAE04EC0-301F-11D3-BF4B-00C04F79EFBC}") = "MusicShuta 3", "MusicShuta 3\MusicShuta 3.csproj", "{D8CC5F5E-E107-4F20-B500-474A2ED5B048}"
EndProject
Global
	GlobalSection(SolutionConfigurationPlatforms) = preSolution
		Debug|Any CPU = Debug|Any CPU
		Release|Any CPU = Release|Any CPU
	EndGlobalSection
	GlobalSection(ProjectConfigurationPlatforms) = postSolution
		{D8CC5F5E-E107-4F20-B500-474A2ED5B048}.Debug|Any CPU.ActiveCfg = Debug|Any CPU
		{D8CC5F5E-E107-4F20-B500-474A2ED5B048}.Debug|Any CPU.Build.0 = Debug|Any CPU
		{D8CC5F5E-E107-4F20-B500-474A2ED5B048}.Release|Any CPU.ActiveCfg = Release|Any CPU
		{D8CC5F5E-E107-4F20-B500-474A2ED5B048}.Release|Any CPU.Build.0 = Release|Any CPU
	EndGlobalSection
	GlobalSection(SolutionProperties) = preSolution
		HideSolutionNode = FALSE
	EndGlobalSection
	GlobalSection(ExtensibilityGlobals) = postSolution
		SolutionGuid = {F4550341-7271-43BC-A2BC-3A7159C4031D}
	EndGlobalSection
EndGlobal
